
Microsoft Visual Studio Solution File, Format Version 12.00
# Visual Studio 15
VisualStudioVersion = 15.0.27703.2042
MinimumVisualStudioVersion = 10.0.40219.1
Project("{FAE04EC0-301F-11D3-BF4B-00C04F79EFBC}") = "Exercise3", "Exercise3\Exercise3.csproj", "{44696F64-B83F-491B-A131-7F850A15D85A}"
EndProject
Project("{FAE04EC0-301F-11D3-BF4B-00C04F79EFBC}") = "Exercise3Test", "Exercise3Test\Exercise3Test.csproj", "{DBCE1F39-2A7C-4971-9A97-21E188D2F1AF}"
EndProject
Global
	GlobalSection(SolutionConfigurationPlatforms) = preSolution
		Debug|Any CPU = Debug|Any CPU
		Release|Any CPU = Release|Any CPU
	EndGlobalSection
	GlobalSection(ProjectConfigurationPlatforms) = postSolution
		{44696F64-B83F-491B-A131-7F850A15D85A}.Debug|Any CPU.ActiveCfg = Debug|Any CPU
		{44696F64-B83F-491B-A131-7F850A15D85A}.Debug|Any CPU.Build.0 = Debug|Any CPU
		{44696F64-B83F-491B-A131-7F850A15D85A}.Release|Any CPU.ActiveCfg = Release|Any CPU
		{44696F64-B83F-491B-A131-7F850A15D85A}.Release|Any CPU.Build.0 = Release|Any CPU
		{DBCE1F39-2A7C-4971-9A97-21E188D2F1AF}.Debug|Any CPU.ActiveCfg = Debug|Any CPU
		{DBCE1F39-2A7C-4971-9A97-21E188D2F1AF}.Debug|Any CPU.Build.0 = Debug|Any CPU
		{DBCE1F39-2A7C-4971-9A97-21E188D2F1AF}.Release|Any CPU.ActiveCfg = Release|Any CPU
		{DBCE1F39-2A7C-4971-9A97-21E188D2F1AF}.Release|Any CPU.Build.0 = Release|Any CPU
	EndGlobalSection
	GlobalSection(SolutionProperties) = preSolution
		HideSolutionNode = FALSE
	EndGlobalSection
	GlobalSection(ExtensibilityGlobals) = postSolution
		SolutionGuid = {B1448053-2A43-455C-AE89-34E2303189DD}
	EndGlobalSection
EndGlobal
